
Microsoft Visual Studio Solution File, Format Version 12.00
# Visual Studio Version 17
VisualStudioVersion = 17.9.34902.65
MinimumVisualStudioVersion = 10.0.40219.1
Project("{FAE04EC0-301F-11D3-BF4B-00C04F79EFBC}") = "BPR2-T2", "BPR2-T2\BPR2-T2.csproj", "{2A86A203-89EA-489A-9DFF-FFEF34324A37}"
EndProject
Project("{FAE04EC0-301F-11D3-BF4B-00C04F79EFBC}") = "Shared", "Shared\Shared.csproj", "{3B13788B-39ED-4FEC-8360-1752025E7926}"
EndProject
Project("{FAE04EC0-301F-11D3-BF4B-00C04F79EFBC}") = "ImageHandlerWebApi", "ImageHandlerWebApi\ImageHandlerWebApi.csproj", "{16CC5F45-10A8-4811-B1C4-31FFF110A2F9}"
EndProject
Global
	GlobalSection(SolutionConfigurationPlatforms) = preSolution
		Debug|Any CPU = Debug|Any CPU
		Release|Any CPU = Release|Any CPU
	EndGlobalSection
	GlobalSection(ProjectConfigurationPlatforms) = postSolution
		{2A86A203-89EA-489A-9DFF-FFEF34324A37}.Debug|Any CPU.ActiveCfg = Debug|Any CPU
		{2A86A203-89EA-489A-9DFF-FFEF34324A37}.Debug|Any CPU.Build.0 = Debug|Any CPU
		{2A86A203-89EA-489A-9DFF-FFEF34324A37}.Release|Any CPU.ActiveCfg = Release|Any CPU
		{2A86A203-89EA-489A-9DFF-FFEF34324A37}.Release|Any CPU.Build.0 = Release|Any CPU
		{3B13788B-39ED-4FEC-8360-1752025E7926}.Debug|Any CPU.ActiveCfg = Debug|Any CPU
		{3B13788B-39ED-4FEC-8360-1752025E7926}.Debug|Any CPU.Build.0 = Debug|Any CPU
		{3B13788B-39ED-4FEC-8360-1752025E7926}.Release|Any CPU.ActiveCfg = Release|Any CPU
		{3B13788B-39ED-4FEC-8360-1752025E7926}.Release|Any CPU.Build.0 = Release|Any CPU
		{16CC5F45-10A8-4811-B1C4-31FFF110A2F9}.Debug|Any CPU.ActiveCfg = Debug|Any CPU
		{16CC5F45-10A8-4811-B1C4-31FFF110A2F9}.Debug|Any CPU.Build.0 = Debug|Any CPU
		{16CC5F45-10A8-4811-B1C4-31FFF110A2F9}.Release|Any CPU.ActiveCfg = Release|Any CPU
		{16CC5F45-10A8-4811-B1C4-31FFF110A2F9}.Release|Any CPU.Build.0 = Release|Any CPU
	EndGlobalSection
	GlobalSection(SolutionProperties) = preSolution
		HideSolutionNode = FALSE
	EndGlobalSection
	GlobalSection(ExtensibilityGlobals) = postSolution
		SolutionGuid = {791A5599-457C-4906-A2D4-4BFBD32F22E3}
	EndGlobalSection
EndGlobal
